
Microsoft Visual Studio Solution File, Format Version 12.00
# Visual Studio Version 17
VisualStudioVersion = 17.0.31903.59
MinimumVisualStudioVersion = 10.0.40219.1
Project("{2150E333-8FDC-42A3-9474-1A3956D46DE8}") = "src", "src", "{827E0CD3-B72D-47B6-A68D-7590B98EB39B}"
EndProject
Project("{FAE04EC0-301F-11D3-BF4B-00C04F79EFBC}") = "HoneyAn.Api", "src\HoneyAn.Api\HoneyAn.Api.csproj", "{9D88B634-6191-4EA0-A266-D28FED8C3B1B}"
EndProject
Project("{FAE04EC0-301F-11D3-BF4B-00C04F79EFBC}") = "HoneyAn.Application", "src\HoneyAn.Application\HoneyAn.Application.csproj", "{0B1B4014-A693-4B2C-B80F-60A601AA9E68}"
EndProject
Project("{FAE04EC0-301F-11D3-BF4B-00C04F79EFBC}") = "HoneyAn.Domain", "src\HoneyAn.Domain\HoneyAn.Domain.csproj", "{9062E500-8A46-4012-8DEB-8E13CADB4814}"
EndProject
Project("{FAE04EC0-301F-11D3-BF4B-00C04F79EFBC}") = "HoneyAn.Infrastructure", "src\HoneyAn.Infrastructure\HoneyAn.Infrastructure.csproj", "{FB13EFDE-35CA-4E34-86AE-EB6057A630B5}"
EndProject
Project("{FAE04EC0-301F-11D3-BF4B-00C04F79EFBC}") = "HoneyAn.IOC", "src\HoneyAn.IOC\HoneyAn.IOC.csproj", "{171C3491-4CC2-44B7-8618-874EE978FF1B}"
EndProject
Project("{FAE04EC0-301F-11D3-BF4B-00C04F79EFBC}") = "HoneyAn.UnitTests", "tests\HoneyAn.UnitTests\HoneyAn.UnitTests.csproj", "{748D7996-9407-4C51-B139-D313942484E1}"
EndProject
Project("{FAE04EC0-301F-11D3-BF4B-00C04F79EFBC}") = "HoneyAn.IntegrationTests", "tests\HoneyAn.IntegrationTests\HoneyAn.IntegrationTests.csproj", "{E5FD50CC-A2EA-4774-A02C-472B2779E2DF}"
EndProject
Global
	GlobalSection(SolutionConfigurationPlatforms) = preSolution
		Debug|Any CPU = Debug|Any CPU
		Debug|x64 = Debug|x64
		Debug|x86 = Debug|x86
		Release|Any CPU = Release|Any CPU
		Release|x64 = Release|x64
		Release|x86 = Release|x86
	EndGlobalSection
	GlobalSection(ProjectConfigurationPlatforms) = postSolution
		{9D88B634-6191-4EA0-A266-D28FED8C3B1B}.Debug|Any CPU.ActiveCfg = Debug|Any CPU
		{9D88B634-6191-4EA0-A266-D28FED8C3B1B}.Debug|Any CPU.Build.0 = Debug|Any CPU
		{9D88B634-6191-4EA0-A266-D28FED8C3B1B}.Debug|x64.ActiveCfg = Debug|Any CPU
		{9D88B634-6191-4EA0-A266-D28FED8C3B1B}.Debug|x64.Build.0 = Debug|Any CPU
		{9D88B634-6191-4EA0-A266-D28FED8C3B1B}.Debug|x86.ActiveCfg = Debug|Any CPU
		{9D88B634-6191-4EA0-A266-D28FED8C3B1B}.Debug|x86.Build.0 = Debug|Any CPU
		{9D88B634-6191-4EA0-A266-D28FED8C3B1B}.Release|Any CPU.ActiveCfg = Release|Any CPU
		{9D88B634-6191-4EA0-A266-D28FED8C3B1B}.Release|Any CPU.Build.0 = Release|Any CPU
		{9D88B634-6191-4EA0-A266-D28FED8C3B1B}.Release|x64.ActiveCfg = Release|Any CPU
		{9D88B634-6191-4EA0-A266-D28FED8C3B1B}.Release|x64.Build.0 = Release|Any CPU
		{9D88B634-6191-4EA0-A266-D28FED8C3B1B}.Release|x86.ActiveCfg = Release|Any CPU
		{9D88B634-6191-4EA0-A266-D28FED8C3B1B}.Release|x86.Build.0 = Release|Any CPU
		{0B1B4014-A693-4B2C-B80F-60A601AA9E68}.Debug|Any CPU.ActiveCfg = Debug|Any CPU
		{0B1B4014-A693-4B2C-B80F-60A601AA9E68}.Debug|Any CPU.Build.0 = Debug|Any CPU
		{0B1B4014-A693-4B2C-B80F-60A601AA9E68}.Debug|x64.ActiveCfg = Debug|Any CPU
		{0B1B4014-A693-4B2C-B80F-60A601AA9E68}.Debug|x64.Build.0 = Debug|Any CPU
		{0B1B4014-A693-4B2C-B80F-60A601AA9E68}.Debug|x86.ActiveCfg = Debug|Any CPU
		{0B1B4014-A693-4B2C-B80F-60A601AA9E68}.Debug|x86.Build.0 = Debug|Any CPU
		{0B1B4014-A693-4B2C-B80F-60A601AA9E68}.Release|Any CPU.ActiveCfg = Release|Any CPU
		{0B1B4014-A693-4B2C-B80F-60A601AA9E68}.Release|Any CPU.Build.0 = Release|Any CPU
		{0B1B4014-A693-4B2C-B80F-60A601AA9E68}.Release|x64.ActiveCfg = Release|Any CPU
		{0B1B4014-A693-4B2C-B80F-60A601AA9E68}.Release|x64.Build.0 = Release|Any CPU
		{0B1B4014-A693-4B2C-B80F-60A601AA9E68}.Release|x86.ActiveCfg = Release|Any CPU
		{0B1B4014-A693-4B2C-B80F-60A601AA9E68}.Release|x86.Build.0 = Release|Any CPU
		{9062E500-8A46-4012-8DEB-8E13CADB4814}.Debug|Any CPU.ActiveCfg = Debug|Any CPU
		{9062E500-8A46-4012-8DEB-8E13CADB4814}.Debug|Any CPU.Build.0 = Debug|Any CPU
		{9062E500-8A46-4012-8DEB-8E13CADB4814}.Debug|x64.ActiveCfg = Debug|Any CPU
		{9062E500-8A46-4012-8DEB-8E13CADB4814}.Debug|x64.Build.0 = Debug|Any CPU
		{9062E500-8A46-4012-8DEB-8E13CADB4814}.Debug|x86.ActiveCfg = Debug|Any CPU
		{9062E500-8A46-4012-8DEB-8E13CADB4814}.Debug|x86.Build.0 = Debug|Any CPU
		{9062E500-8A46-4012-8DEB-8E13CADB4814}.Release|Any CPU.ActiveCfg = Release|Any CPU
		{9062E500-8A46-4012-8DEB-8E13CADB4814}.Release|Any CPU.Build.0 = Release|Any CPU
		{9062E500-8A46-4012-8DEB-8E13CADB4814}.Release|x64.ActiveCfg = Release|Any CPU
		{9062E500-8A46-4012-8DEB-8E13CADB4814}.Release|x64.Build.0 = Release|Any CPU
		{9062E500-8A46-4012-8DEB-8E13CADB4814}.Release|x86.ActiveCfg = Release|Any CPU
		{9062E500-8A46-4012-8DEB-8E13CADB4814}.Release|x86.Build.0 = Release|Any CPU
		{FB13EFDE-35CA-4E34-86AE-EB6057A630B5}.Debug|Any CPU.ActiveCfg = Debug|Any CPU
		{FB13EFDE-35CA-4E34-86AE-EB6057A630B5}.Debug|Any CPU.Build.0 = Debug|Any CPU
		{FB13EFDE-35CA-4E34-86AE-EB6057A630B5}.Debug|x64.ActiveCfg = Debug|Any CPU
		{FB13EFDE-35CA-4E34-86AE-EB6057A630B5}.Debug|x64.Build.0 = Debug|Any CPU
		{FB13EFDE-35CA-4E34-86AE-EB6057A630B5}.Debug|x86.ActiveCfg = Debug|Any CPU
		{FB13EFDE-35CA-4E34-86AE-EB6057A630B5}.Debug|x86.Build.0 = Debug|Any CPU
		{FB13EFDE-35CA-4E34-86AE-EB6057A630B5}.Release|Any CPU.ActiveCfg = Release|Any CPU
		{FB13EFDE-35CA-4E34-86AE-EB6057A630B5}.Release|Any CPU.Build.0 = Release|Any CPU
		{FB13EFDE-35CA-4E34-86AE-EB6057A630B5}.Release|x64.ActiveCfg = Release|Any CPU
		{FB13EFDE-35CA-4E34-86AE-EB6057A630B5}.Release|x64.Build.0 = Release|Any CPU
		{FB13EFDE-35CA-4E34-86AE-EB6057A630B5}.Release|x86.ActiveCfg = Release|Any CPU
		{FB13EFDE-35CA-4E34-86AE-EB6057A630B5}.Release|x86.Build.0 = Release|Any CPU
		{171C3491-4CC2-44B7-8618-874EE978FF1B}.Debug|Any CPU.ActiveCfg = Debug|Any CPU
		{171C3491-4CC2-44B7-8618-874EE978FF1B}.Debug|Any CPU.Build.0 = Debug|Any CPU
		{171C3491-4CC2-44B7-8618-874EE978FF1B}.Debug|x64.ActiveCfg = Debug|Any CPU
		{171C3491-4CC2-44B7-8618-874EE978FF1B}.Debug|x64.Build.0 = Debug|Any CPU
		{171C3491-4CC2-44B7-8618-874EE978FF1B}.Debug|x86.ActiveCfg = Debug|Any CPU
		{171C3491-4CC2-44B7-8618-874EE978FF1B}.Debug|x86.Build.0 = Debug|Any CPU
		{171C3491-4CC2-44B7-8618-874EE978FF1B}.Release|Any CPU.ActiveCfg = Release|Any CPU
		{171C3491-4CC2-44B7-8618-874EE978FF1B}.Release|Any CPU.Build.0 = Release|Any CPU
		{171C3491-4CC2-44B7-8618-874EE978FF1B}.Release|x64.ActiveCfg = Release|Any CPU
		{171C3491-4CC2-44B7-8618-874EE978FF1B}.Release|x64.Build.0 = Release|Any CPU
		{171C3491-4CC2-44B7-8618-874EE978FF1B}.Release|x86.ActiveCfg = Release|Any CPU
		{171C3491-4CC2-44B7-8618-874EE978FF1B}.Release|x86.Build.0 = Release|Any CPU
		{748D7996-9407-4C51-B139-D313942484E1}.Debug|Any CPU.ActiveCfg = Debug|Any CPU
		{748D7996-9407-4C51-B139-D313942484E1}.Debug|Any CPU.Build.0 = Debug|Any CPU
		{748D7996-9407-4C51-B139-D313942484E1}.Debug|x64.ActiveCfg = Debug|Any CPU
		{748D7996-9407-4C51-B139-D313942484E1}.Debug|x64.Build.0 = Debug|Any CPU
		{748D7996-9407-4C51-B139-D313942484E1}.Debug|x86.ActiveCfg = Debug|Any CPU
		{748D7996-9407-4C51-B139-D313942484E1}.Debug|x86.Build.0 = Debug|Any CPU
		{748D7996-9407-4C51-B139-D313942484E1}.Release|Any CPU.ActiveCfg = Release|Any CPU
		{748D7996-9407-4C51-B139-D313942484E1}.Release|Any CPU.Build.0 = Release|Any CPU
		{748D7996-9407-4C51-B139-D313942484E1}.Release|x64.ActiveCfg = Release|Any CPU
		{748D7996-9407-4C51-B139-D313942484E1}.Release|x64.Build.0 = Release|Any CPU
		{748D7996-9407-4C51-B139-D313942484E1}.Release|x86.ActiveCfg = Release|Any CPU
		{748D7996-9407-4C51-B139-D313942484E1}.Release|x86.Build.0 = Release|Any CPU
		{E5FD50CC-A2EA-4774-A02C-472B2779E2DF}.Debug|Any CPU.ActiveCfg = Debug|Any CPU
		{E5FD50CC-A2EA-4774-A02C-472B2779E2DF}.Debug|Any CPU.Build.0 = Debug|Any CPU
		{E5FD50CC-A2EA-4774-A02C-472B2779E2DF}.Debug|x64.ActiveCfg = Debug|Any CPU
		{E5FD50CC-A2EA-4774-A02C-472B2779E2DF}.Debug|x64.Build.0 = Debug|Any CPU
		{E5FD50CC-A2EA-4774-A02C-472B2779E2DF}.Debug|x86.ActiveCfg = Debug|Any CPU
		{E5FD50CC-A2EA-4774-A02C-472B2779E2DF}.Debug|x86.Build.0 = Debug|Any CPU
		{E5FD50CC-A2EA-4774-A02C-472B2779E2DF}.Release|Any CPU.ActiveCfg = Release|Any CPU
		{E5FD50CC-A2EA-4774-A02C-472B2779E2DF}.Release|Any CPU.Build.0 = Release|Any CPU
		{E5FD50CC-A2EA-4774-A02C-472B2779E2DF}.Release|x64.ActiveCfg = Release|Any CPU
		{E5FD50CC-A2EA-4774-A02C-472B2779E2DF}.Release|x64.Build.0 = Release|Any CPU
		{E5FD50CC-A2EA-4774-A02C-472B2779E2DF}.Release|x86.ActiveCfg = Release|Any CPU
		{E5FD50CC-A2EA-4774-A02C-472B2779E2DF}.Release|x86.Build.0 = Release|Any CPU
	EndGlobalSection
	GlobalSection(SolutionProperties) = preSolution
		HideSolutionNode = FALSE
	EndGlobalSection
	GlobalSection(NestedProjects) = preSolution
		{9D88B634-6191-4EA0-A266-D28FED8C3B1B} = {827E0CD3-B72D-47B6-A68D-7590B98EB39B}
		{0B1B4014-A693-4B2C-B80F-60A601AA9E68} = {827E0CD3-B72D-47B6-A68D-7590B98EB39B}
		{9062E500-8A46-4012-8DEB-8E13CADB4814} = {827E0CD3-B72D-47B6-A68D-7590B98EB39B}
		{FB13EFDE-35CA-4E34-86AE-EB6057A630B5} = {827E0CD3-B72D-47B6-A68D-7590B98EB39B}
		{171C3491-4CC2-44B7-8618-874EE978FF1B} = {827E0CD3-B72D-47B6-A68D-7590B98EB39B}
		{748D7996-9407-4C51-B139-D313942484E1} = {827E0CD3-B72D-47B6-A68D-7590B98EB39B}
		{E5FD50CC-A2EA-4774-A02C-472B2779E2DF} = {827E0CD3-B72D-47B6-A68D-7590B98EB39B}
	EndGlobalSection
EndGlobal
